
Microsoft Visual Studio Solution File, Format Version 12.00
# Visual Studio Version 16
VisualStudioVersion = 16.0.29418.71
MinimumVisualStudioVersion = 15.0.26124.0
Project("{9A19103F-16F7-4668-BE54-9A1E7A4F7556}") = "QinOpen", "QinOpen\QinOpen.csproj", "{AFD1809C-92A6-450F-B493-1398DD6E2858}"
EndProject
Project("{9A19103F-16F7-4668-BE54-9A1E7A4F7556}") = "QinCommon", "QinCommon\QinCommon.csproj", "{4B4F902C-B8CB-45EE-85F1-CA06D39BA8CD}"
EndProject
Project("{2150E333-8FDC-42A3-9474-1A3956D46DE8}") = "Realization", "Realization", "{53AB58D9-0486-4F27-A379-867C1F741CF8}"
EndProject
Project("{9A19103F-16F7-4668-BE54-9A1E7A4F7556}") = "QinRepository", "QinRepository\QinRepository.csproj", "{F6230F1B-7A89-42B7-BB49-3511F202C206}"
EndProject
Project("{9A19103F-16F7-4668-BE54-9A1E7A4F7556}") = "QinServices", "QinServices\QinServices.csproj", "{FC0CDF15-D7C3-4A47-AAEA-C05CCF5B919A}"
EndProject
Project("{9A19103F-16F7-4668-BE54-9A1E7A4F7556}") = "IQinRepository", "IQinRepository\IQinRepository.csproj", "{499FE9B2-BD74-490A-8261-8D2B850D589A}"
EndProject
Project("{9A19103F-16F7-4668-BE54-9A1E7A4F7556}") = "IQinServices", "IQinServices\IQinServices.csproj", "{58761991-DFD8-481B-91F3-D919E370D2E2}"
EndProject
Project("{9A19103F-16F7-4668-BE54-9A1E7A4F7556}") = "QinEntity", "QinEntity\QinEntity.csproj", "{5B0D8419-0263-493A-85D0-E34B59BE55B7}"
EndProject
Global
	GlobalSection(SolutionConfigurationPlatforms) = preSolution
		Debug|Any CPU = Debug|Any CPU
		Debug|x64 = Debug|x64
		Debug|x86 = Debug|x86
		Release|Any CPU = Release|Any CPU
		Release|x64 = Release|x64
		Release|x86 = Release|x86
	EndGlobalSection
	GlobalSection(ProjectConfigurationPlatforms) = postSolution
		{AFD1809C-92A6-450F-B493-1398DD6E2858}.Debug|Any CPU.ActiveCfg = Debug|Any CPU
		{AFD1809C-92A6-450F-B493-1398DD6E2858}.Debug|Any CPU.Build.0 = Debug|Any CPU
		{AFD1809C-92A6-450F-B493-1398DD6E2858}.Debug|x64.ActiveCfg = Debug|Any CPU
		{AFD1809C-92A6-450F-B493-1398DD6E2858}.Debug|x64.Build.0 = Debug|Any CPU
		{AFD1809C-92A6-450F-B493-1398DD6E2858}.Debug|x86.ActiveCfg = Debug|Any CPU
		{AFD1809C-92A6-450F-B493-1398DD6E2858}.Debug|x86.Build.0 = Debug|Any CPU
		{AFD1809C-92A6-450F-B493-1398DD6E2858}.Release|Any CPU.ActiveCfg = Release|Any CPU
		{AFD1809C-92A6-450F-B493-1398DD6E2858}.Release|Any CPU.Build.0 = Release|Any CPU
		{AFD1809C-92A6-450F-B493-1398DD6E2858}.Release|x64.ActiveCfg = Release|Any CPU
		{AFD1809C-92A6-450F-B493-1398DD6E2858}.Release|x64.Build.0 = Release|Any CPU
		{AFD1809C-92A6-450F-B493-1398DD6E2858}.Release|x86.ActiveCfg = Release|Any CPU
		{AFD1809C-92A6-450F-B493-1398DD6E2858}.Release|x86.Build.0 = Release|Any CPU
		{4B4F902C-B8CB-45EE-85F1-CA06D39BA8CD}.Debug|Any CPU.ActiveCfg = Debug|Any CPU
		{4B4F902C-B8CB-45EE-85F1-CA06D39BA8CD}.Debug|Any CPU.Build.0 = Debug|Any CPU
		{4B4F902C-B8CB-45EE-85F1-CA06D39BA8CD}.Debug|x64.ActiveCfg = Debug|Any CPU
		{4B4F902C-B8CB-45EE-85F1-CA06D39BA8CD}.Debug|x64.Build.0 = Debug|Any CPU
		{4B4F902C-B8CB-45EE-85F1-CA06D39BA8CD}.Debug|x86.ActiveCfg = Debug|Any CPU
		{4B4F902C-B8CB-45EE-85F1-CA06D39BA8CD}.Debug|x86.Build.0 = Debug|Any CPU
		{4B4F902C-B8CB-45EE-85F1-CA06D39BA8CD}.Release|Any CPU.ActiveCfg = Release|Any CPU
		{4B4F902C-B8CB-45EE-85F1-CA06D39BA8CD}.Release|Any CPU.Build.0 = Release|Any CPU
		{4B4F902C-B8CB-45EE-85F1-CA06D39BA8CD}.Release|x64.ActiveCfg = Release|Any CPU
		{4B4F902C-B8CB-45EE-85F1-CA06D39BA8CD}.Release|x64.Build.0 = Release|Any CPU
		{4B4F902C-B8CB-45EE-85F1-CA06D39BA8CD}.Release|x86.ActiveCfg = Release|Any CPU
		{4B4F902C-B8CB-45EE-85F1-CA06D39BA8CD}.Release|x86.Build.0 = Release|Any CPU
		{F6230F1B-7A89-42B7-BB49-3511F202C206}.Debug|Any CPU.ActiveCfg = Debug|Any CPU
		{F6230F1B-7A89-42B7-BB49-3511F202C206}.Debug|Any CPU.Build.0 = Debug|Any CPU
		{F6230F1B-7A89-42B7-BB49-3511F202C206}.Debug|x64.ActiveCfg = Debug|Any CPU
		{F6230F1B-7A89-42B7-BB49-3511F202C206}.Debug|x64.Build.0 = Debug|Any CPU
		{F6230F1B-7A89-42B7-BB49-3511F202C206}.Debug|x86.ActiveCfg = Debug|Any CPU
		{F6230F1B-7A89-42B7-BB49-3511F202C206}.Debug|x86.Build.0 = Debug|Any CPU
		{F6230F1B-7A89-42B7-BB49-3511F202C206}.Release|Any CPU.ActiveCfg = Release|Any CPU
		{F6230F1B-7A89-42B7-BB49-3511F202C206}.Release|Any CPU.Build.0 = Release|Any CPU
		{F6230F1B-7A89-42B7-BB49-3511F202C206}.Release|x64.ActiveCfg = Release|Any CPU
		{F6230F1B-7A89-42B7-BB49-3511F202C206}.Release|x64.Build.0 = Release|Any CPU
		{F6230F1B-7A89-42B7-BB49-3511F202C206}.Release|x86.ActiveCfg = Release|Any CPU
		{F6230F1B-7A89-42B7-BB49-3511F202C206}.Release|x86.Build.0 = Release|Any CPU
		{FC0CDF15-D7C3-4A47-AAEA-C05CCF5B919A}.Debug|Any CPU.ActiveCfg = Debug|Any CPU
		{FC0CDF15-D7C3-4A47-AAEA-C05CCF5B919A}.Debug|Any CPU.Build.0 = Debug|Any CPU
		{FC0CDF15-D7C3-4A47-AAEA-C05CCF5B919A}.Debug|x64.ActiveCfg = Debug|Any CPU
		{FC0CDF15-D7C3-4A47-AAEA-C05CCF5B919A}.Debug|x64.Build.0 = Debug|Any CPU
		{FC0CDF15-D7C3-4A47-AAEA-C05CCF5B919A}.Debug|x86.ActiveCfg = Debug|Any CPU
		{FC0CDF15-D7C3-4A47-AAEA-C05CCF5B919A}.Debug|x86.Build.0 = Debug|Any CPU
		{FC0CDF15-D7C3-4A47-AAEA-C05CCF5B919A}.Release|Any CPU.ActiveCfg = Release|Any CPU
		{FC0CDF15-D7C3-4A47-AAEA-C05CCF5B919A}.Release|Any CPU.Build.0 = Release|Any CPU
		{FC0CDF15-D7C3-4A47-AAEA-C05CCF5B919A}.Release|x64.ActiveCfg = Release|Any CPU
		{FC0CDF15-D7C3-4A47-AAEA-C05CCF5B919A}.Release|x64.Build.0 = Release|Any CPU
		{FC0CDF15-D7C3-4A47-AAEA-C05CCF5B919A}.Release|x86.ActiveCfg = Release|Any CPU
		{FC0CDF15-D7C3-4A47-AAEA-C05CCF5B919A}.Release|x86.Build.0 = Release|Any CPU
		{499FE9B2-BD74-490A-8261-8D2B850D589A}.Debug|Any CPU.ActiveCfg = Debug|Any CPU
		{499FE9B2-BD74-490A-8261-8D2B850D589A}.Debug|Any CPU.Build.0 = Debug|Any CPU
		{499FE9B2-BD74-490A-8261-8D2B850D589A}.Debug|x64.ActiveCfg = Debug|Any CPU
		{499FE9B2-BD74-490A-8261-8D2B850D589A}.Debug|x64.Build.0 = Debug|Any CPU
		{499FE9B2-BD74-490A-8261-8D2B850D589A}.Debug|x86.ActiveCfg = Debug|Any CPU
		{499FE9B2-BD74-490A-8261-8D2B850D589A}.Debug|x86.Build.0 = Debug|Any CPU
		{499FE9B2-BD74-490A-8261-8D2B850D589A}.Release|Any CPU.ActiveCfg = Release|Any CPU
		{499FE9B2-BD74-490A-8261-8D2B850D589A}.Release|Any CPU.Build.0 = Release|Any CPU
		{499FE9B2-BD74-490A-8261-8D2B850D589A}.Release|x64.ActiveCfg = Release|Any CPU
		{499FE9B2-BD74-490A-8261-8D2B850D589A}.Release|x64.Build.0 = Release|Any CPU
		{499FE9B2-BD74-490A-8261-8D2B850D589A}.Release|x86.ActiveCfg = Release|Any CPU
		{499FE9B2-BD74-490A-8261-8D2B850D589A}.Release|x86.Build.0 = Release|Any CPU
		{58761991-DFD8-481B-91F3-D919E370D2E2}.Debug|Any CPU.ActiveCfg = Debug|Any CPU
		{58761991-DFD8-481B-91F3-D919E370D2E2}.Debug|Any CPU.Build.0 = Debug|Any CPU
		{58761991-DFD8-481B-91F3-D919E370D2E2}.Debug|x64.ActiveCfg = Debug|Any CPU
		{58761991-DFD8-481B-91F3-D919E370D2E2}.Debug|x64.Build.0 = Debug|Any CPU
		{58761991-DFD8-481B-91F3-D919E370D2E2}.Debug|x86.ActiveCfg = Debug|Any CPU
		{58761991-DFD8-481B-91F3-D919E370D2E2}.Debug|x86.Build.0 = Debug|Any CPU
		{58761991-DFD8-481B-91F3-D919E370D2E2}.Release|Any CPU.ActiveCfg = Release|Any CPU
		{58761991-DFD8-481B-91F3-D919E370D2E2}.Release|Any CPU.Build.0 = Release|Any CPU
		{58761991-DFD8-481B-91F3-D919E370D2E2}.Release|x64.ActiveCfg = Release|Any CPU
		{58761991-DFD8-481B-91F3-D919E370D2E2}.Release|x64.Build.0 = Release|Any CPU
		{58761991-DFD8-481B-91F3-D919E370D2E2}.Release|x86.ActiveCfg = Release|Any CPU
		{58761991-DFD8-481B-91F3-D919E370D2E2}.Release|x86.Build.0 = Release|Any CPU
		{5B0D8419-0263-493A-85D0-E34B59BE55B7}.Debug|Any CPU.ActiveCfg = Debug|Any CPU
		{5B0D8419-0263-493A-85D0-E34B59BE55B7}.Debug|Any CPU.Build.0 = Debug|Any CPU
		{5B0D8419-0263-493A-85D0-E34B59BE55B7}.Debug|x64.ActiveCfg = Debug|Any CPU
		{5B0D8419-0263-493A-85D0-E34B59BE55B7}.Debug|x64.Build.0 = Debug|Any CPU
		{5B0D8419-0263-493A-85D0-E34B59BE55B7}.Debug|x86.ActiveCfg = Debug|Any CPU
		{5B0D8419-0263-493A-85D0-E34B59BE55B7}.Debug|x86.Build.0 = Debug|Any CPU
		{5B0D8419-0263-493A-85D0-E34B59BE55B7}.Release|Any CPU.ActiveCfg = Release|Any CPU
		{5B0D8419-0263-493A-85D0-E34B59BE55B7}.Release|Any CPU.Build.0 = Release|Any CPU
		{5B0D8419-0263-493A-85D0-E34B59BE55B7}.Release|x64.ActiveCfg = Release|Any CPU
		{5B0D8419-0263-493A-85D0-E34B59BE55B7}.Release|x64.Build.0 = Release|Any CPU
		{5B0D8419-0263-493A-85D0-E34B59BE55B7}.Release|x86.ActiveCfg = Release|Any CPU
		{5B0D8419-0263-493A-85D0-E34B59BE55B7}.Release|x86.Build.0 = Release|Any CPU
	EndGlobalSection
	GlobalSection(SolutionProperties) = preSolution
		HideSolutionNode = FALSE
	EndGlobalSection
	GlobalSection(NestedProjects) = preSolution
		{F6230F1B-7A89-42B7-BB49-3511F202C206} = {53AB58D9-0486-4F27-A379-867C1F741CF8}
		{FC0CDF15-D7C3-4A47-AAEA-C05CCF5B919A} = {53AB58D9-0486-4F27-A379-867C1F741CF8}
	EndGlobalSection
	GlobalSection(ExtensibilityGlobals) = postSolution
		SolutionGuid = {8C591C72-5E39-4A02-949C-927AFFDA5AD5}
	EndGlobalSection
EndGlobal
