
Microsoft Visual Studio Solution File, Format Version 12.00
# Visual Studio Version 16
VisualStudioVersion = 16.0.29519.87
MinimumVisualStudioVersion = 10.0.40219.1
Project("{9A19103F-16F7-4668-BE54-9A1E7A4F7556}") = "crud.Web", "crud.Web\crud.Web.csproj", "{D2B78C6F-84F3-41C2-8EBC-B20A59AFA7AF}"
EndProject
Project("{9A19103F-16F7-4668-BE54-9A1E7A4F7556}") = "crud-entity", "crud-entity\crud-entity.csproj", "{6B1888C4-D788-40C8-90F7-9861EEFE241A}"
EndProject
Project("{9A19103F-16F7-4668-BE54-9A1E7A4F7556}") = "crud-server", "crud-server\crud-server.csproj", "{C7CC2213-9F06-49C8-8848-334C14CEF63B}"
EndProject
Project("{9A19103F-16F7-4668-BE54-9A1E7A4F7556}") = "MyStandard", "MyStandard\MyStandard.csproj", "{BAE7CCF2-69EC-496A-8C34-52092AC6309C}"
EndProject
Project("{9A19103F-16F7-4668-BE54-9A1E7A4F7556}") = "crud_base", "crud_base\crud_base.csproj", "{B254A8E0-E894-4B9B-98B2-496C4623C0A0}"
EndProject
Global
	GlobalSection(SolutionConfigurationPlatforms) = preSolution
		Debug|Any CPU = Debug|Any CPU
		Release|Any CPU = Release|Any CPU
	EndGlobalSection
	GlobalSection(ProjectConfigurationPlatforms) = postSolution
		{D2B78C6F-84F3-41C2-8EBC-B20A59AFA7AF}.Debug|Any CPU.ActiveCfg = Debug|Any CPU
		{D2B78C6F-84F3-41C2-8EBC-B20A59AFA7AF}.Debug|Any CPU.Build.0 = Debug|Any CPU
		{D2B78C6F-84F3-41C2-8EBC-B20A59AFA7AF}.Release|Any CPU.ActiveCfg = Release|Any CPU
		{D2B78C6F-84F3-41C2-8EBC-B20A59AFA7AF}.Release|Any CPU.Build.0 = Release|Any CPU
		{6B1888C4-D788-40C8-90F7-9861EEFE241A}.Debug|Any CPU.ActiveCfg = Debug|Any CPU
		{6B1888C4-D788-40C8-90F7-9861EEFE241A}.Debug|Any CPU.Build.0 = Debug|Any CPU
		{6B1888C4-D788-40C8-90F7-9861EEFE241A}.Release|Any CPU.ActiveCfg = Release|Any CPU
		{6B1888C4-D788-40C8-90F7-9861EEFE241A}.Release|Any CPU.Build.0 = Release|Any CPU
		{C7CC2213-9F06-49C8-8848-334C14CEF63B}.Debug|Any CPU.ActiveCfg = Debug|Any CPU
		{C7CC2213-9F06-49C8-8848-334C14CEF63B}.Debug|Any CPU.Build.0 = Debug|Any CPU
		{C7CC2213-9F06-49C8-8848-334C14CEF63B}.Release|Any CPU.ActiveCfg = Release|Any CPU
		{C7CC2213-9F06-49C8-8848-334C14CEF63B}.Release|Any CPU.Build.0 = Release|Any CPU
		{BAE7CCF2-69EC-496A-8C34-52092AC6309C}.Debug|Any CPU.ActiveCfg = Debug|Any CPU
		{BAE7CCF2-69EC-496A-8C34-52092AC6309C}.Debug|Any CPU.Build.0 = Debug|Any CPU
		{BAE7CCF2-69EC-496A-8C34-52092AC6309C}.Release|Any CPU.ActiveCfg = Release|Any CPU
		{BAE7CCF2-69EC-496A-8C34-52092AC6309C}.Release|Any CPU.Build.0 = Release|Any CPU
		{B254A8E0-E894-4B9B-98B2-496C4623C0A0}.Debug|Any CPU.ActiveCfg = Debug|Any CPU
		{B254A8E0-E894-4B9B-98B2-496C4623C0A0}.Debug|Any CPU.Build.0 = Debug|Any CPU
		{B254A8E0-E894-4B9B-98B2-496C4623C0A0}.Release|Any CPU.ActiveCfg = Release|Any CPU
		{B254A8E0-E894-4B9B-98B2-496C4623C0A0}.Release|Any CPU.Build.0 = Release|Any CPU
	EndGlobalSection
	GlobalSection(SolutionProperties) = preSolution
		HideSolutionNode = FALSE
	EndGlobalSection
	GlobalSection(ExtensibilityGlobals) = postSolution
		SolutionGuid = {CA9942CB-31C6-4C73-BB25-1D3482FD095C}
	EndGlobalSection
EndGlobal
