
Microsoft Visual Studio Solution File, Format Version 12.00
# Visual Studio Version 16
VisualStudioVersion = 16.0.29123.88
MinimumVisualStudioVersion = 10.0.40219.1
Project("{9A19103F-16F7-4668-BE54-9A1E7A4F7556}") = "crud-entity", "crud-entity\crud-entity.csproj", "{79BCD2FB-2702-4979-8D49-0E030405BB43}"
EndProject
Project("{9A19103F-16F7-4668-BE54-9A1E7A4F7556}") = "crud-server", "crud-server\crud-server.csproj", "{0D66444E-3D35-4DED-BEBF-E582D30A881C}"
EndProject
Project("{9A19103F-16F7-4668-BE54-9A1E7A4F7556}") = "crud_base", "crud_base\crud_base\crud_base.csproj", "{B55C14FC-5E7C-47D2-A31E-A1478CA0B1E1}"
EndProject
Project("{9A19103F-16F7-4668-BE54-9A1E7A4F7556}") = "crud-web", "crud-web\crud-web.csproj", "{A5B80828-4EF2-4BFA-AE2E-7052FC2A37FD}"
EndProject
Project("{9A19103F-16F7-4668-BE54-9A1E7A4F7556}") = "MyStandard", "MyStandard\MyStandard.csproj", "{525F99B3-31BC-4C95-9CA4-A6F860454266}"
EndProject
Project("{9A19103F-16F7-4668-BE54-9A1E7A4F7556}") = "open.Api", "open.Api\open.Api.csproj", "{EA6A31A9-9BA1-40B2-8234-E9963215FAF8}"
EndProject
Global
	GlobalSection(SolutionConfigurationPlatforms) = preSolution
		Debug|Any CPU = Debug|Any CPU
		Release|Any CPU = Release|Any CPU
	EndGlobalSection
	GlobalSection(ProjectConfigurationPlatforms) = postSolution
		{79BCD2FB-2702-4979-8D49-0E030405BB43}.Debug|Any CPU.ActiveCfg = Debug|Any CPU
		{79BCD2FB-2702-4979-8D49-0E030405BB43}.Debug|Any CPU.Build.0 = Debug|Any CPU
		{79BCD2FB-2702-4979-8D49-0E030405BB43}.Release|Any CPU.ActiveCfg = Release|Any CPU
		{79BCD2FB-2702-4979-8D49-0E030405BB43}.Release|Any CPU.Build.0 = Release|Any CPU
		{0D66444E-3D35-4DED-BEBF-E582D30A881C}.Debug|Any CPU.ActiveCfg = Debug|Any CPU
		{0D66444E-3D35-4DED-BEBF-E582D30A881C}.Debug|Any CPU.Build.0 = Debug|Any CPU
		{0D66444E-3D35-4DED-BEBF-E582D30A881C}.Release|Any CPU.ActiveCfg = Release|Any CPU
		{0D66444E-3D35-4DED-BEBF-E582D30A881C}.Release|Any CPU.Build.0 = Release|Any CPU
		{B55C14FC-5E7C-47D2-A31E-A1478CA0B1E1}.Debug|Any CPU.ActiveCfg = Debug|Any CPU
		{B55C14FC-5E7C-47D2-A31E-A1478CA0B1E1}.Debug|Any CPU.Build.0 = Debug|Any CPU
		{B55C14FC-5E7C-47D2-A31E-A1478CA0B1E1}.Release|Any CPU.ActiveCfg = Release|Any CPU
		{B55C14FC-5E7C-47D2-A31E-A1478CA0B1E1}.Release|Any CPU.Build.0 = Release|Any CPU
		{A5B80828-4EF2-4BFA-AE2E-7052FC2A37FD}.Debug|Any CPU.ActiveCfg = Debug|Any CPU
		{A5B80828-4EF2-4BFA-AE2E-7052FC2A37FD}.Debug|Any CPU.Build.0 = Debug|Any CPU
		{A5B80828-4EF2-4BFA-AE2E-7052FC2A37FD}.Release|Any CPU.ActiveCfg = Release|Any CPU
		{A5B80828-4EF2-4BFA-AE2E-7052FC2A37FD}.Release|Any CPU.Build.0 = Release|Any CPU
		{525F99B3-31BC-4C95-9CA4-A6F860454266}.Debug|Any CPU.ActiveCfg = Debug|Any CPU
		{525F99B3-31BC-4C95-9CA4-A6F860454266}.Debug|Any CPU.Build.0 = Debug|Any CPU
		{525F99B3-31BC-4C95-9CA4-A6F860454266}.Release|Any CPU.ActiveCfg = Release|Any CPU
		{525F99B3-31BC-4C95-9CA4-A6F860454266}.Release|Any CPU.Build.0 = Release|Any CPU
		{EA6A31A9-9BA1-40B2-8234-E9963215FAF8}.Debug|Any CPU.ActiveCfg = Debug|Any CPU
		{EA6A31A9-9BA1-40B2-8234-E9963215FAF8}.Debug|Any CPU.Build.0 = Debug|Any CPU
		{EA6A31A9-9BA1-40B2-8234-E9963215FAF8}.Release|Any CPU.ActiveCfg = Release|Any CPU
		{EA6A31A9-9BA1-40B2-8234-E9963215FAF8}.Release|Any CPU.Build.0 = Release|Any CPU
	EndGlobalSection
	GlobalSection(SolutionProperties) = preSolution
		HideSolutionNode = FALSE
	EndGlobalSection
	GlobalSection(ExtensibilityGlobals) = postSolution
		SolutionGuid = {9FFDF97C-3CFB-463E-850E-CBB139400CA1}
	EndGlobalSection
EndGlobal
